
Microsoft Visual Studio Solution File, Format Version 12.00
# Visual Studio 15
VisualStudioVersion = 15.0.27130.2024
MinimumVisualStudioVersion = 10.0.40219.1
Project("{FAE04EC0-301F-11D3-BF4B-00C04F79EFBC}") = "PSFSKKey", "PSFSKKey.csproj", "{2537FD87-B266-4F5C-935C-461B0FD4270C}"
EndProject
Global
	GlobalSection(SolutionConfigurationPlatforms) = preSolution
		Debug|Any CPU = Debug|Any CPU
		Release|Any CPU = Release|Any CPU
	EndGlobalSection
	GlobalSection(ProjectConfigurationPlatforms) = postSolution
		{2537FD87-B266-4F5C-935C-461B0FD4270C}.Debug|Any CPU.ActiveCfg = Debug|Any CPU
		{2537FD87-B266-4F5C-935C-461B0FD4270C}.Debug|Any CPU.Build.0 = Debug|Any CPU
		{2537FD87-B266-4F5C-935C-461B0FD4270C}.Release|Any CPU.ActiveCfg = Release|Any CPU
		{2537FD87-B266-4F5C-935C-461B0FD4270C}.Release|Any CPU.Build.0 = Release|Any CPU
	EndGlobalSection
	GlobalSection(SolutionProperties) = preSolution
		HideSolutionNode = FALSE
	EndGlobalSection
	GlobalSection(ExtensibilityGlobals) = postSolution
		SolutionGuid = {F3EEDE11-8166-4FB3-920E-89817CA62B53}
	EndGlobalSection
EndGlobal
